
Microsoft Visual Studio Solution File, Format Version 12.00
# Visual Studio Version 17
VisualStudioVersion = 17.1.32421.90
MinimumVisualStudioVersion = 10.0.40219.1
Project("{FAE04EC0-301F-11D3-BF4B-00C04F79EFBC}") = "LawyerScrapper", "LawyerScrapper\LawyerScrapper.csproj", "{8B0CFAD3-3D9D-4FC5-A52B-00AF9926BA01}"
EndProject
Global
	GlobalSection(SolutionConfigurationPlatforms) = preSolution
		Debug|Any CPU = Debug|Any CPU
		Release|Any CPU = Release|Any CPU
	EndGlobalSection
	GlobalSection(ProjectConfigurationPlatforms) = postSolution
		{8B0CFAD3-3D9D-4FC5-A52B-00AF9926BA01}.Debug|Any CPU.ActiveCfg = Debug|Any CPU
		{8B0CFAD3-3D9D-4FC5-A52B-00AF9926BA01}.Debug|Any CPU.Build.0 = Debug|Any CPU
		{8B0CFAD3-3D9D-4FC5-A52B-00AF9926BA01}.Release|Any CPU.ActiveCfg = Release|Any CPU
		{8B0CFAD3-3D9D-4FC5-A52B-00AF9926BA01}.Release|Any CPU.Build.0 = Release|Any CPU
	EndGlobalSection
	GlobalSection(SolutionProperties) = preSolution
		HideSolutionNode = FALSE
	EndGlobalSection
	GlobalSection(ExtensibilityGlobals) = postSolution
		SolutionGuid = {A3F2C256-67C5-48AA-AC3D-DBE8C560681A}
	EndGlobalSection
EndGlobal
